
Microsoft Visual Studio Solution File, Format Version 12.00
# Visual Studio 15
VisualStudioVersion = 15.0.27004.2002
MinimumVisualStudioVersion = 10.0.40219.1
Project("{FAE04EC0-301F-11D3-BF4B-00C04F79EFBC}") = "SshConsole", "SshConsole\SshConsole.csproj", "{4D6A1A45-EBFC-4DC0-84F0-7DA3E62F6575}"
EndProject
Project("{FAE04EC0-301F-11D3-BF4B-00C04F79EFBC}") = "SshEngine", "SshEngine\SshEngine.csproj", "{36265905-BDB4-4518-BB11-42BC70ED1172}"
EndProject
Project("{FAE04EC0-301F-11D3-BF4B-00C04F79EFBC}") = "SshEngine.Tests", "SshEngine.Tests\SshEngine.Tests.csproj", "{7967580F-6EC8-4597-AB8F-C0605AC696A1}"
EndProject
Global
	GlobalSection(SolutionConfigurationPlatforms) = preSolution
		Debug|Any CPU = Debug|Any CPU
		Release|Any CPU = Release|Any CPU
	EndGlobalSection
	GlobalSection(ProjectConfigurationPlatforms) = postSolution
		{4D6A1A45-EBFC-4DC0-84F0-7DA3E62F6575}.Debug|Any CPU.ActiveCfg = Debug|Any CPU
		{4D6A1A45-EBFC-4DC0-84F0-7DA3E62F6575}.Debug|Any CPU.Build.0 = Debug|Any CPU
		{4D6A1A45-EBFC-4DC0-84F0-7DA3E62F6575}.Release|Any CPU.ActiveCfg = Release|Any CPU
		{4D6A1A45-EBFC-4DC0-84F0-7DA3E62F6575}.Release|Any CPU.Build.0 = Release|Any CPU
		{36265905-BDB4-4518-BB11-42BC70ED1172}.Debug|Any CPU.ActiveCfg = Debug|Any CPU
		{36265905-BDB4-4518-BB11-42BC70ED1172}.Debug|Any CPU.Build.0 = Debug|Any CPU
		{36265905-BDB4-4518-BB11-42BC70ED1172}.Release|Any CPU.ActiveCfg = Release|Any CPU
		{36265905-BDB4-4518-BB11-42BC70ED1172}.Release|Any CPU.Build.0 = Release|Any CPU
		{7967580F-6EC8-4597-AB8F-C0605AC696A1}.Debug|Any CPU.ActiveCfg = Debug|Any CPU
		{7967580F-6EC8-4597-AB8F-C0605AC696A1}.Debug|Any CPU.Build.0 = Debug|Any CPU
		{7967580F-6EC8-4597-AB8F-C0605AC696A1}.Release|Any CPU.ActiveCfg = Release|Any CPU
		{7967580F-6EC8-4597-AB8F-C0605AC696A1}.Release|Any CPU.Build.0 = Release|Any CPU
	EndGlobalSection
	GlobalSection(SolutionProperties) = preSolution
		HideSolutionNode = FALSE
	EndGlobalSection
	GlobalSection(ExtensibilityGlobals) = postSolution
		SolutionGuid = {151D7804-4057-46E9-BF63-16F82A095F06}
	EndGlobalSection
EndGlobal
